
Microsoft Visual Studio Solution File, Format Version 12.00
Project("{FAE04EC0-301F-11D3-BF4B-00C04F79EFBC}") = "Model", "Model\Model.csproj", "{64216DC8-89D9-416A-A1C2-D8A03258F83F}"
EndProject
Project("{FAE04EC0-301F-11D3-BF4B-00C04F79EFBC}") = "API", "API\API.csproj", "{A99C591B-47B7-45E6-ACA3-3650670A39F6}"
EndProject
Project("{FAE04EC0-301F-11D3-BF4B-00C04F79EFBC}") = "Client", "Client\Client.csproj", "{35896942-A53A-4767-B5E0-71B26B1ADB36}"
EndProject
Project("{FAE04EC0-301F-11D3-BF4B-00C04F79EFBC}") = "ClientTest", "ClientTest\ClientTest.csproj", "{1DA40D72-D2EE-46BE-9014-466B7A977607}"
EndProject
Global
	GlobalSection(SolutionConfigurationPlatforms) = preSolution
		Debug|Any CPU = Debug|Any CPU
		Release|Any CPU = Release|Any CPU
	EndGlobalSection
	GlobalSection(ProjectConfigurationPlatforms) = postSolution
		{64216DC8-89D9-416A-A1C2-D8A03258F83F}.Debug|Any CPU.ActiveCfg = Debug|Any CPU
		{64216DC8-89D9-416A-A1C2-D8A03258F83F}.Debug|Any CPU.Build.0 = Debug|Any CPU
		{64216DC8-89D9-416A-A1C2-D8A03258F83F}.Release|Any CPU.ActiveCfg = Release|Any CPU
		{64216DC8-89D9-416A-A1C2-D8A03258F83F}.Release|Any CPU.Build.0 = Release|Any CPU
		{A99C591B-47B7-45E6-ACA3-3650670A39F6}.Debug|Any CPU.ActiveCfg = Debug|Any CPU
		{A99C591B-47B7-45E6-ACA3-3650670A39F6}.Debug|Any CPU.Build.0 = Debug|Any CPU
		{A99C591B-47B7-45E6-ACA3-3650670A39F6}.Release|Any CPU.ActiveCfg = Release|Any CPU
		{A99C591B-47B7-45E6-ACA3-3650670A39F6}.Release|Any CPU.Build.0 = Release|Any CPU
		{35896942-A53A-4767-B5E0-71B26B1ADB36}.Debug|Any CPU.ActiveCfg = Debug|Any CPU
		{35896942-A53A-4767-B5E0-71B26B1ADB36}.Debug|Any CPU.Build.0 = Debug|Any CPU
		{35896942-A53A-4767-B5E0-71B26B1ADB36}.Release|Any CPU.ActiveCfg = Release|Any CPU
		{35896942-A53A-4767-B5E0-71B26B1ADB36}.Release|Any CPU.Build.0 = Release|Any CPU
		{1DA40D72-D2EE-46BE-9014-466B7A977607}.Debug|Any CPU.ActiveCfg = Debug|Any CPU
		{1DA40D72-D2EE-46BE-9014-466B7A977607}.Debug|Any CPU.Build.0 = Debug|Any CPU
		{1DA40D72-D2EE-46BE-9014-466B7A977607}.Release|Any CPU.ActiveCfg = Release|Any CPU
		{1DA40D72-D2EE-46BE-9014-466B7A977607}.Release|Any CPU.Build.0 = Release|Any CPU
	EndGlobalSection
EndGlobal
